
Microsoft Visual Studio Solution File, Format Version 12.00
# Visual Studio 14
VisualStudioVersion = 14.0.25420.1
MinimumVisualStudioVersion = 10.0.40219.1
Project("{FAE04EC0-301F-11D3-BF4B-00C04F79EFBC}") = "Remote", "Remote\Remote.csproj", "{DF61B5EF-D80F-41A5-976D-EE96524787CA}"
EndProject
Project("{FAE04EC0-301F-11D3-BF4B-00C04F79EFBC}") = "RemoteService", "RemoteService\RemoteService.csproj", "{E3B1A842-7C80-4AFE-9886-8704F9BB7393}"
EndProject
Project("{FAE04EC0-301F-11D3-BF4B-00C04F79EFBC}") = "ComputerIPChecker", "ComputerIPChecker\ComputerIPChecker.csproj", "{925F954C-BE34-4F10-85CA-3A61048B9BCE}"
EndProject
Global
	GlobalSection(SolutionConfigurationPlatforms) = preSolution
		Debug|Any CPU = Debug|Any CPU
		Release|Any CPU = Release|Any CPU
	EndGlobalSection
	GlobalSection(ProjectConfigurationPlatforms) = postSolution
		{DF61B5EF-D80F-41A5-976D-EE96524787CA}.Debug|Any CPU.ActiveCfg = Debug|Any CPU
		{DF61B5EF-D80F-41A5-976D-EE96524787CA}.Debug|Any CPU.Build.0 = Debug|Any CPU
		{DF61B5EF-D80F-41A5-976D-EE96524787CA}.Release|Any CPU.ActiveCfg = Release|Any CPU
		{DF61B5EF-D80F-41A5-976D-EE96524787CA}.Release|Any CPU.Build.0 = Release|Any CPU
		{E3B1A842-7C80-4AFE-9886-8704F9BB7393}.Debug|Any CPU.ActiveCfg = Debug|Any CPU
		{E3B1A842-7C80-4AFE-9886-8704F9BB7393}.Debug|Any CPU.Build.0 = Debug|Any CPU
		{E3B1A842-7C80-4AFE-9886-8704F9BB7393}.Release|Any CPU.ActiveCfg = Release|Any CPU
		{E3B1A842-7C80-4AFE-9886-8704F9BB7393}.Release|Any CPU.Build.0 = Release|Any CPU
		{925F954C-BE34-4F10-85CA-3A61048B9BCE}.Debug|Any CPU.ActiveCfg = Debug|Any CPU
		{925F954C-BE34-4F10-85CA-3A61048B9BCE}.Debug|Any CPU.Build.0 = Debug|Any CPU
		{925F954C-BE34-4F10-85CA-3A61048B9BCE}.Release|Any CPU.ActiveCfg = Release|Any CPU
		{925F954C-BE34-4F10-85CA-3A61048B9BCE}.Release|Any CPU.Build.0 = Release|Any CPU
	EndGlobalSection
	GlobalSection(SolutionProperties) = preSolution
		HideSolutionNode = FALSE
	EndGlobalSection
EndGlobal
